
Microsoft Visual Studio Solution File, Format Version 12.00
# Visual Studio Version 16
VisualStudioVersion = 16.0.30611.23
MinimumVisualStudioVersion = 10.0.40219.1
Project("{FAE04EC0-301F-11D3-BF4B-00C04F79EFBC}") = "SignicatTestBackend", "SignicatTestBackend\SignicatTestBackend.csproj", "{6B308320-AD55-4122-BF34-0796EBDED069}"
EndProject
Project("{9092AA53-FB77-4645-B42D-1CCCA6BD08BD}") = "SignicatTestFrontend", "SignicatTestFrontend\SignicatTestFrontend.njsproj", "{1A44BFF9-D712-471E-91AC-2832EED0A80B}"
EndProject
Global
	GlobalSection(SolutionConfigurationPlatforms) = preSolution
		Debug|Any CPU = Debug|Any CPU
		Release|Any CPU = Release|Any CPU
	EndGlobalSection
	GlobalSection(ProjectConfigurationPlatforms) = postSolution
		{6B308320-AD55-4122-BF34-0796EBDED069}.Debug|Any CPU.ActiveCfg = Debug|Any CPU
		{6B308320-AD55-4122-BF34-0796EBDED069}.Debug|Any CPU.Build.0 = Debug|Any CPU
		{6B308320-AD55-4122-BF34-0796EBDED069}.Release|Any CPU.ActiveCfg = Release|Any CPU
		{6B308320-AD55-4122-BF34-0796EBDED069}.Release|Any CPU.Build.0 = Release|Any CPU
		{1A44BFF9-D712-471E-91AC-2832EED0A80B}.Debug|Any CPU.ActiveCfg = Debug|Any CPU
		{1A44BFF9-D712-471E-91AC-2832EED0A80B}.Debug|Any CPU.Build.0 = Debug|Any CPU
		{1A44BFF9-D712-471E-91AC-2832EED0A80B}.Release|Any CPU.ActiveCfg = Release|Any CPU
		{1A44BFF9-D712-471E-91AC-2832EED0A80B}.Release|Any CPU.Build.0 = Release|Any CPU
	EndGlobalSection
	GlobalSection(SolutionProperties) = preSolution
		HideSolutionNode = FALSE
	EndGlobalSection
	GlobalSection(ExtensibilityGlobals) = postSolution
		SolutionGuid = {6EF4FF38-909E-42A9-BFC2-ECD2BB3F6999}
	EndGlobalSection
EndGlobal
